# This file is automatically @generated by Cargo.
# It is not intended for manual editing.
version = 3

[[package]]
name = "infra_bms"
version = "0.1.0"

[[package]]
name = "infra_camera"
version = "0.1.0"

[[package]]
name = "infra_codec"
version = "0.1.0"

[[package]]
name = "infra_gpio"
version = "0.1.0"

[[package]]
name = "infra_graphics"
version = "0.1.0"

[[package]]
name = "infra_location"
version = "0.1.0"

[[package]]
name = "infra_network"
version = "0.1.0"

[[package]]
name = "infra_streamer"
version = "0.1.0"

[[package]]
name = "svc_camera"
version = "0.1.0"

[[package]]
name = "svc_display"
version = "0.1.0"

[[package]]
name = "svc_headset"
version = "0.1.0"

[[package]]
name = "svc_server"
version = "0.1.0"
